
Microsoft Visual Studio Solution File, Format Version 12.00
# Visual Studio Version 16
VisualStudioVersion = 16.0.31205.134
MinimumVisualStudioVersion = 10.0.40219.1
Project("{FAE04EC0-301F-11D3-BF4B-00C04F79EFBC}") = "CalculatorWF", "CalculatorWF\CalculatorWF.csproj", "{57DD0590-A30F-4186-B774-03B5DE091F4F}"
EndProject
Global
	GlobalSection(SolutionConfigurationPlatforms) = preSolution
		Debug|Any CPU = Debug|Any CPU
		Release|Any CPU = Release|Any CPU
	EndGlobalSection
	GlobalSection(ProjectConfigurationPlatforms) = postSolution
		{57DD0590-A30F-4186-B774-03B5DE091F4F}.Debug|Any CPU.ActiveCfg = Debug|Any CPU
		{57DD0590-A30F-4186-B774-03B5DE091F4F}.Debug|Any CPU.Build.0 = Debug|Any CPU
		{57DD0590-A30F-4186-B774-03B5DE091F4F}.Release|Any CPU.ActiveCfg = Release|Any CPU
		{57DD0590-A30F-4186-B774-03B5DE091F4F}.Release|Any CPU.Build.0 = Release|Any CPU
	EndGlobalSection
	GlobalSection(SolutionProperties) = preSolution
		HideSolutionNode = FALSE
	EndGlobalSection
	GlobalSection(ExtensibilityGlobals) = postSolution
		SolutionGuid = {F1B6D4A0-B8CE-418F-A29C-DC636624951D}
	EndGlobalSection
EndGlobal
